# This file is automatically @generated by Wally.
# It is not intended for manual editing.
registry = "test"

[[package]]
name = "aykut92/replica"
version = "0.1.7"
dependencies = []

[[package]]
name = "blackjackiee/spr"
version = "1.1.3"
dependencies = []

[[package]]
name = "ddashdev/profilestore"
version = "1.1.0"
dependencies = []

[[package]]
name = "developercron/camerashake"
version = "0.2.0"
dependencies = []

[[package]]
name = "evaera/cmdr"
version = "1.12.0"
dependencies = []

[[package]]
name = "evaera/promise"
version = "4.0.0"
dependencies = []

[[package]]
name = "ffrostflame/bridgenet2"
version = "1.0.0"
dependencies = [["RemotePacketSizeCounter", "pysephwasntavailable/remotepacketsizecounter@2.4.1"], ["TableKit", "ffrostflame/tablekit@0.2.4"], ["wallyInstanceManager", "ffrostflame/wally-instance-manager@0.1.0"]]

[[package]]
name = "ffrostflame/tablekit"
version = "0.2.4"
dependencies = []

[[package]]
name = "ffrostflame/wally-instance-manager"
version = "0.1.0"
dependencies = []

[[package]]
name = "legitatx/topbarplus"
version = "3.0.5"
dependencies = []

[[package]]
name = "mattschrubb/zoneplus"
version = "3.2.0"
dependencies = []

[[package]]
name = "pysephwasntavailable/remotepacketsizecounter"
version = "2.4.1"
dependencies = []

[[package]]
name = "sleitnick/component"
version = "2.4.8"
dependencies = [["Promise", "evaera/promise@4.0.0"], ["Signal", "sleitnick/signal@2.0.3"], ["Symbol", "sleitnick/symbol@2.0.1"], ["Trove", "sleitnick/trove@1.8.0"]]

[[package]]
name = "sleitnick/input"
version = "3.0.0"
dependencies = [["Signal", "sleitnick/signal@2.0.3"], ["Trove", "sleitnick/trove@1.8.0"]]

[[package]]
name = "sleitnick/signal"
version = "2.0.3"
dependencies = []

[[package]]
name = "sleitnick/spring"
version = "1.0.0"
dependencies = []

[[package]]
name = "sleitnick/symbol"
version = "2.0.1"
dependencies = []

[[package]]
name = "sleitnick/timer"
version = "2.0.0"
dependencies = [["Signal", "sleitnick/signal@2.0.3"]]

[[package]]
name = "sleitnick/trove"
version = "1.8.0"
dependencies = []

[[package]]
name = "tanner/roadkill"
version = "0.1.0"
dependencies = [["BridgeNet2", "ffrostflame/bridgenet2@1.0.0"], ["Component", "sleitnick/component@2.4.8"], ["Input", "sleitnick/input@3.0.0"], ["Replica", "aykut92/replica@0.1.7"], ["Signal", "sleitnick/signal@2.0.3"], ["Spring", "sleitnick/spring@1.0.0"], ["Timer", "sleitnick/timer@2.0.0"], ["TopbarPlus", "legitatx/topbarplus@3.0.5"], ["ZonePlus", "mattschrubb/zoneplus@3.2.0"], ["camerashake", "developercron/camerashake@0.2.0"], ["cmdr", "evaera/cmdr@1.12.0"], ["spr", "blackjackiee/spr@1.1.3"], ["trove", "sleitnick/trove@1.8.0"], ["profilestore", "ddashdev/profilestore@1.1.0"]]
